// !$*UTF8*$!
{
	archiveVersion = 1;
	classes = {
	};
	objectVersion = 48;
	objects = {

/* Begin PBXBuildFile section */
		174283162AA02B1C002E5E7C /* MTSettingsController.m in Sources */ = {isa = PBXBuildFile; fileRef = 174283142AA02B1C002E5E7C /* MTSettingsController.m */; };
		C3757A6E1FEB804600A48503 /* main.m in Sources */ = {isa = PBXBuildFile; fileRef = C3757A6D1FEB804600A48503 /* main.m */; };
		C3757A841FEB806B00A48503 /* bell.caf in Resources */ = {isa = PBXBuildFile; fileRef = C3757A751FEB806A00A48503 /* bell.caf */; };
		C3757A881FEB806B00A48503 /* Default.png in Resources */ = {isa = PBXBuildFile; fileRef = C3757A791FEB806A00A48503 /* Default.png */; };
		C3757A891FEB806B00A48503 /* Default@2x.png in Resources */ = {isa = PBXBuildFile; fileRef = C3757A7A1FEB806A00A48503 /* Default@2x.png */; };
		C3757A8A1FEB806B00A48503 /* icon-40.png in Resources */ = {isa = PBXBuildFile; fileRef = C3757A7B1FEB806A00A48503 /* icon-40.png */; };
		C3757A8B1FEB806B00A48503 /* icon-40@2x.png in Resources */ = {isa = PBXBuildFile; fileRef = C3757A7C1FEB806A00A48503 /* icon-40@2x.png */; };
		C3757A8C1FEB806B00A48503 /* icon-40@3x.png in Resources */ = {isa = PBXBuildFile; fileRef = C3757A7D1FEB806A00A48503 /* icon-40@3x.png */; };
		C3757A8D1FEB806B00A48503 /* icon-60.png in Resources */ = {isa = PBXBuildFile; fileRef = C3757A7E1FEB806A00A48503 /* icon-60.png */; };
		C3757A8E1FEB806B00A48503 /* icon-60@2x.png in Resources */ = {isa = PBXBuildFile; fileRef = C3757A7F1FEB806A00A48503 /* icon-60@2x.png */; };
		C3757A8F1FEB806B00A48503 /* icon-60@3x.png in Resources */ = {isa = PBXBuildFile; fileRef = C3757A801FEB806A00A48503 /* icon-60@3x.png */; };
		C3757A901FEB806B00A48503 /* icon-76.png in Resources */ = {isa = PBXBuildFile; fileRef = C3757A811FEB806A00A48503 /* icon-76.png */; };
		C3757A911FEB806B00A48503 /* icon-76@2x.png in Resources */ = {isa = PBXBuildFile; fileRef = C3757A821FEB806A00A48503 /* icon-76@2x.png */; };
		C3757A9E1FEB807C00A48503 /* MTRowView.m in Sources */ = {isa = PBXBuildFile; fileRef = C3757A941FEB807B00A48503 /* MTRowView.m */; };
		C3757AA01FEB807C00A48503 /* MTKBAvoiding.m in Sources */ = {isa = PBXBuildFile; fileRef = C3757A981FEB807C00A48503 /* MTKBAvoiding.m */; };
		C3757AA11FEB807C00A48503 /* MTScratchpad.m in Sources */ = {isa = PBXBuildFile; fileRef = C3757A991FEB807C00A48503 /* MTScratchpad.m */; };
		C3757AA21FEB807C00A48503 /* MTController.m in Sources */ = {isa = PBXBuildFile; fileRef = C3757A9B1FEB807C00A48503 /* MTController.m */; };
		C3757AA31FEB807C00A48503 /* MTAppDelegate.m in Sources */ = {isa = PBXBuildFile; fileRef = C3757A9C1FEB807C00A48503 /* MTAppDelegate.m */; };
		C3757AC01FEB837A00A48503 /* VT100.m in Sources */ = {isa = PBXBuildFile; fileRef = C3757ABE1FEB837A00A48503 /* VT100.m */; };
		C3757AF71FEB8DF400A48503 /* LaunchScreen.storyboard in Resources */ = {isa = PBXBuildFile; fileRef = C3757AF61FEB8DF400A48503 /* LaunchScreen.storyboard */; };
/* End PBXBuildFile section */

/* Begin PBXFileReference section */
		174283142AA02B1C002E5E7C /* MTSettingsController.m */ = {isa = PBXFileReference; fileEncoding = 4; lastKnownFileType = sourcecode.c.objc; path = MTSettingsController.m; sourceTree = SOURCE_ROOT; };
		174283152AA02B1C002E5E7C /* MTSettingsController.h */ = {isa = PBXFileReference; fileEncoding = 4; lastKnownFileType = sourcecode.c.h; path = MTSettingsController.h; sourceTree = SOURCE_ROOT; };
		C162F58E1FED4F0400112B23 /* README.md */ = {isa = PBXFileReference; fileEncoding = 4; lastKnownFileType = net.daringfireball.markdown; path = README.md; sourceTree = "<group>"; };
		C3757A5B1FEB804600A48503 /* MTerminal.app */ = {isa = PBXFileReference; explicitFileType = wrapper.application; includeInIndex = 0; path = MTerminal.app; sourceTree = BUILT_PRODUCTS_DIR; };
		C3757A6D1FEB804600A48503 /* main.m */ = {isa = PBXFileReference; lastKnownFileType = sourcecode.c.objc; path = main.m; sourceTree = "<group>"; };
		C3757A751FEB806A00A48503 /* bell.caf */ = {isa = PBXFileReference; lastKnownFileType = file; path = bell.caf; sourceTree = "<group>"; };
		C3757A791FEB806A00A48503 /* Default.png */ = {isa = PBXFileReference; lastKnownFileType = image.png; path = Default.png; sourceTree = "<group>"; };
		C3757A7A1FEB806A00A48503 /* Default@2x.png */ = {isa = PBXFileReference; lastKnownFileType = image.png; path = "Default@2x.png"; sourceTree = "<group>"; };
		C3757A7B1FEB806A00A48503 /* icon-40.png */ = {isa = PBXFileReference; lastKnownFileType = image.png; path = "icon-40.png"; sourceTree = "<group>"; };
		C3757A7C1FEB806A00A48503 /* icon-40@2x.png */ = {isa = PBXFileReference; lastKnownFileType = image.png; path = "icon-40@2x.png"; sourceTree = "<group>"; };
		C3757A7D1FEB806A00A48503 /* icon-40@3x.png */ = {isa = PBXFileReference; lastKnownFileType = image.png; path = "icon-40@3x.png"; sourceTree = "<group>"; };
		C3757A7E1FEB806A00A48503 /* icon-60.png */ = {isa = PBXFileReference; lastKnownFileType = image.png; path = "icon-60.png"; sourceTree = "<group>"; };
		C3757A7F1FEB806A00A48503 /* icon-60@2x.png */ = {isa = PBXFileReference; lastKnownFileType = image.png; path = "icon-60@2x.png"; sourceTree = "<group>"; };
		C3757A801FEB806A00A48503 /* icon-60@3x.png */ = {isa = PBXFileReference; lastKnownFileType = image.png; path = "icon-60@3x.png"; sourceTree = "<group>"; };
		C3757A811FEB806A00A48503 /* icon-76.png */ = {isa = PBXFileReference; lastKnownFileType = image.png; path = "icon-76.png"; sourceTree = "<group>"; };
		C3757A821FEB806A00A48503 /* icon-76@2x.png */ = {isa = PBXFileReference; lastKnownFileType = image.png; path = "icon-76@2x.png"; sourceTree = "<group>"; };
		C3757A831FEB806A00A48503 /* Info.plist */ = {isa = PBXFileReference; lastKnownFileType = file.bplist; path = Info.plist; sourceTree = "<group>"; };
		C3757A931FEB807B00A48503 /* MTController.h */ = {isa = PBXFileReference; fileEncoding = 4; lastKnownFileType = sourcecode.c.h; path = MTController.h; sourceTree = SOURCE_ROOT; };
		C3757A941FEB807B00A48503 /* MTRowView.m */ = {isa = PBXFileReference; fileEncoding = 4; lastKnownFileType = sourcecode.c.objc; path = MTRowView.m; sourceTree = SOURCE_ROOT; };
		C3757A951FEB807B00A48503 /* MTKBAvoiding.h */ = {isa = PBXFileReference; fileEncoding = 4; lastKnownFileType = sourcecode.c.h; path = MTKBAvoiding.h; sourceTree = SOURCE_ROOT; };
		C3757A971FEB807C00A48503 /* MTAppDelegate.h */ = {isa = PBXFileReference; fileEncoding = 4; lastKnownFileType = sourcecode.c.h; path = MTAppDelegate.h; sourceTree = SOURCE_ROOT; };
		C3757A981FEB807C00A48503 /* MTKBAvoiding.m */ = {isa = PBXFileReference; fileEncoding = 4; lastKnownFileType = sourcecode.c.objc; path = MTKBAvoiding.m; sourceTree = SOURCE_ROOT; };
		C3757A991FEB807C00A48503 /* MTScratchpad.m */ = {isa = PBXFileReference; fileEncoding = 4; lastKnownFileType = sourcecode.c.objc; path = MTScratchpad.m; sourceTree = SOURCE_ROOT; };
		C3757A9A1FEB807C00A48503 /* MTRowView.h */ = {isa = PBXFileReference; fileEncoding = 4; lastKnownFileType = sourcecode.c.h; path = MTRowView.h; sourceTree = SOURCE_ROOT; };
		C3757A9B1FEB807C00A48503 /* MTController.m */ = {isa = PBXFileReference; fileEncoding = 4; lastKnownFileType = sourcecode.c.objc; path = MTController.m; sourceTree = SOURCE_ROOT; };
		C3757A9C1FEB807C00A48503 /* MTAppDelegate.m */ = {isa = PBXFileReference; fileEncoding = 4; lastKnownFileType = sourcecode.c.objc; path = MTAppDelegate.m; sourceTree = SOURCE_ROOT; };
		C3757A9D1FEB807C00A48503 /* MTScratchpad.h */ = {isa = PBXFileReference; fileEncoding = 4; lastKnownFileType = sourcecode.c.h; path = MTScratchpad.h; sourceTree = SOURCE_ROOT; };
		C3757ABE1FEB837A00A48503 /* VT100.m */ = {isa = PBXFileReference; fileEncoding = 4; lastKnownFileType = sourcecode.c.objc; path = VT100.m; sourceTree = "<group>"; };
		C3757ABF1FEB837A00A48503 /* VT100.h */ = {isa = PBXFileReference; fileEncoding = 4; lastKnownFileType = sourcecode.c.h; path = VT100.h; sourceTree = "<group>"; };
		C3757AF61FEB8DF400A48503 /* LaunchScreen.storyboard */ = {isa = PBXFileReference; lastKnownFileType = file.storyboard; path = LaunchScreen.storyboard; sourceTree = "<group>"; };
/* End PBXFileReference section */

/* Begin PBXFrameworksBuildPhase section */
		C3757A581FEB804600A48503 /* Frameworks */ = {
			isa = PBXFrameworksBuildPhase;
			buildActionMask = 2147483647;
			files = (
			);
			runOnlyForDeploymentPostprocessing = 0;
		};
/* End PBXFrameworksBuildPhase section */

/* Begin PBXGroup section */
		C3757A521FEB804600A48503 = {
			isa = PBXGroup;
			children = (
				C3757A5D1FEB804600A48503 /* MTerminal */,
				C3757A5C1FEB804600A48503 /* Products */,
			);
			sourceTree = "<group>";
		};
		C3757A5C1FEB804600A48503 /* Products */ = {
			isa = PBXGroup;
			children = (
				C3757A5B1FEB804600A48503 /* MTerminal.app */,
			);
			name = Products;
			sourceTree = "<group>";
		};
		C3757A5D1FEB804600A48503 /* MTerminal */ = {
			isa = PBXGroup;
			children = (
				174283152AA02B1C002E5E7C /* MTSettingsController.h */,
				174283142AA02B1C002E5E7C /* MTSettingsController.m */,
				C3757A971FEB807C00A48503 /* MTAppDelegate.h */,
				C3757A9C1FEB807C00A48503 /* MTAppDelegate.m */,
				C3757A931FEB807B00A48503 /* MTController.h */,
				C3757A9B1FEB807C00A48503 /* MTController.m */,
				C3757A951FEB807B00A48503 /* MTKBAvoiding.h */,
				C3757A981FEB807C00A48503 /* MTKBAvoiding.m */,
				C3757A9A1FEB807C00A48503 /* MTRowView.h */,
				C3757A941FEB807B00A48503 /* MTRowView.m */,
				C3757A9D1FEB807C00A48503 /* MTScratchpad.h */,
				C3757A991FEB807C00A48503 /* MTScratchpad.m */,
				C3757ABF1FEB837A00A48503 /* VT100.h */,
				C3757ABE1FEB837A00A48503 /* VT100.m */,
				C3757A741FEB806A00A48503 /* Resources */,
				C3757A6D1FEB804600A48503 /* main.m */,
				C3757AF61FEB8DF400A48503 /* LaunchScreen.storyboard */,
				C162F58E1FED4F0400112B23 /* README.md */,
			);
			name = MTerminal;
			sourceTree = "<group>";
		};
		C3757A741FEB806A00A48503 /* Resources */ = {
			isa = PBXGroup;
			children = (
				C3757A751FEB806A00A48503 /* bell.caf */,
				C3757A791FEB806A00A48503 /* Default.png */,
				C3757A7A1FEB806A00A48503 /* Default@2x.png */,
				C3757A7B1FEB806A00A48503 /* icon-40.png */,
				C3757A7C1FEB806A00A48503 /* icon-40@2x.png */,
				C3757A7D1FEB806A00A48503 /* icon-40@3x.png */,
				C3757A7E1FEB806A00A48503 /* icon-60.png */,
				C3757A7F1FEB806A00A48503 /* icon-60@2x.png */,
				C3757A801FEB806A00A48503 /* icon-60@3x.png */,
				C3757A811FEB806A00A48503 /* icon-76.png */,
				C3757A821FEB806A00A48503 /* icon-76@2x.png */,
				C3757A831FEB806A00A48503 /* Info.plist */,
			);
			path = Resources;
			sourceTree = SOURCE_ROOT;
		};
/* End PBXGroup section */

/* Begin PBXNativeTarget section */
		C3757A5A1FEB804600A48503 /* MTerminal */ = {
			isa = PBXNativeTarget;
			buildConfigurationList = C3757A711FEB804600A48503 /* Build configuration list for PBXNativeTarget "MTerminal" */;
			buildPhases = (
				C3757A571FEB804600A48503 /* Sources */,
				C3757A581FEB804600A48503 /* Frameworks */,
				C3757A591FEB804600A48503 /* Resources */,
			);
			buildRules = (
			);
			dependencies = (
			);
			name = MTerminal;
			productName = die;
			productReference = C3757A5B1FEB804600A48503 /* MTerminal.app */;
			productType = "com.apple.product-type.application";
		};
/* End PBXNativeTarget section */

/* Begin PBXProject section */
		C3757A531FEB804600A48503 /* Project object */ = {
			isa = PBXProject;
			attributes = {
				LastUpgradeCheck = 1160;
				ORGANIZATIONNAME = AppleBetas;
				TargetAttributes = {
					C3757A5A1FEB804600A48503 = {
						CreatedOnToolsVersion = 9.2;
						ProvisioningStyle = Manual;
					};
				};
			};
			buildConfigurationList = C3757A561FEB804600A48503 /* Build configuration list for PBXProject "MTerminal" */;
			compatibilityVersion = "Xcode 8.0";
			developmentRegion = en;
			hasScannedForEncodings = 0;
			knownRegions = (
				en,
				Base,
			);
			mainGroup = C3757A521FEB804600A48503;
			productRefGroup = C3757A5C1FEB804600A48503 /* Products */;
			projectDirPath = "";
			projectRoot = "";
			targets = (
				C3757A5A1FEB804600A48503 /* MTerminal */,
			);
		};
/* End PBXProject section */

/* Begin PBXResourcesBuildPhase section */
		C3757A591FEB804600A48503 /* Resources */ = {
			isa = PBXResourcesBuildPhase;
			buildActionMask = 2147483647;
			files = (
				C3757A911FEB806B00A48503 /* icon-76@2x.png in Resources */,
				C3757A901FEB806B00A48503 /* icon-76.png in Resources */,
				C3757A891FEB806B00A48503 /* Default@2x.png in Resources */,
				C3757A881FEB806B00A48503 /* Default.png in Resources */,
				C3757A8D1FEB806B00A48503 /* icon-60.png in Resources */,
				C3757AF71FEB8DF400A48503 /* LaunchScreen.storyboard in Resources */,
				C3757A8C1FEB806B00A48503 /* icon-40@3x.png in Resources */,
				C3757A8B1FEB806B00A48503 /* icon-40@2x.png in Resources */,
				C3757A8E1FEB806B00A48503 /* icon-60@2x.png in Resources */,
				C3757A8F1FEB806B00A48503 /* icon-60@3x.png in Resources */,
				C3757A8A1FEB806B00A48503 /* icon-40.png in Resources */,
				C3757A841FEB806B00A48503 /* bell.caf in Resources */,
			);
			runOnlyForDeploymentPostprocessing = 0;
		};
/* End PBXResourcesBuildPhase section */

/* Begin PBXSourcesBuildPhase section */
		C3757A571FEB804600A48503 /* Sources */ = {
			isa = PBXSourcesBuildPhase;
			buildActionMask = 2147483647;
			files = (
				C3757AA11FEB807C00A48503 /* MTScratchpad.m in Sources */,
				C3757A6E1FEB804600A48503 /* main.m in Sources */,
				C3757A9E1FEB807C00A48503 /* MTRowView.m in Sources */,
				C3757AA21FEB807C00A48503 /* MTController.m in Sources */,
				C3757AC01FEB837A00A48503 /* VT100.m in Sources */,
				C3757AA01FEB807C00A48503 /* MTKBAvoiding.m in Sources */,
				C3757AA31FEB807C00A48503 /* MTAppDelegate.m in Sources */,
				174283162AA02B1C002E5E7C /* MTSettingsController.m in Sources */,
			);
			runOnlyForDeploymentPostprocessing = 0;
		};
/* End PBXSourcesBuildPhase section */

/* Begin XCBuildConfiguration section */
		C3757A6F1FEB804600A48503 /* Debug */ = {
			isa = XCBuildConfiguration;
			buildSettings = {
				ALWAYS_SEARCH_USER_PATHS = NO;
				CLANG_ANALYZER_NONNULL = YES;
				CLANG_ANALYZER_NUMBER_OBJECT_CONVERSION = YES_AGGRESSIVE;
				CLANG_CXX_LANGUAGE_STANDARD = "gnu++14";
				CLANG_CXX_LIBRARY = "libc++";
				CLANG_ENABLE_MODULES = YES;
				CLANG_ENABLE_OBJC_ARC = YES;
				CLANG_WARN_BLOCK_CAPTURE_AUTORELEASING = YES;
				CLANG_WARN_BOOL_CONVERSION = YES;
				CLANG_WARN_COMMA = YES;
				CLANG_WARN_CONSTANT_CONVERSION = YES;
				CLANG_WARN_DEPRECATED_OBJC_IMPLEMENTATIONS = YES;
				CLANG_WARN_DIRECT_OBJC_ISA_USAGE = YES_ERROR;
				CLANG_WARN_DOCUMENTATION_COMMENTS = YES;
				CLANG_WARN_EMPTY_BODY = YES;
				CLANG_WARN_ENUM_CONVERSION = YES;
				CLANG_WARN_INFINITE_RECURSION = YES;
				CLANG_WARN_INT_CONVERSION = YES;
				CLANG_WARN_NON_LITERAL_NULL_CONVERSION = YES;
				CLANG_WARN_OBJC_IMPLICIT_RETAIN_SELF = YES;
				CLANG_WARN_OBJC_LITERAL_CONVERSION = YES;
				CLANG_WARN_OBJC_ROOT_CLASS = YES_ERROR;
				CLANG_WARN_RANGE_LOOP_ANALYSIS = YES;
				CLANG_WARN_STRICT_PROTOTYPES = YES;
				CLANG_WARN_SUSPICIOUS_MOVE = YES;
				CLANG_WARN_UNGUARDED_AVAILABILITY = YES_AGGRESSIVE;
				CLANG_WARN_UNREACHABLE_CODE = YES;
				CLANG_WARN__DUPLICATE_METHOD_MATCH = YES;
				CODE_SIGN_IDENTITY = "iPhone Developer";
				COPY_PHASE_STRIP = NO;
				DEBUG_INFORMATION_FORMAT = dwarf;
				ENABLE_STRICT_OBJC_MSGSEND = YES;
				ENABLE_TESTABILITY = YES;
				GCC_C_LANGUAGE_STANDARD = gnu11;
				GCC_DYNAMIC_NO_PIC = NO;
				GCC_NO_COMMON_BLOCKS = YES;
				GCC_OPTIMIZATION_LEVEL = 0;
				GCC_PREPROCESSOR_DEFINITIONS = (
					"DEBUG=1",
					"$(inherited)",
				);
				GCC_WARN_64_TO_32_BIT_CONVERSION = YES;
				GCC_WARN_ABOUT_RETURN_TYPE = YES_ERROR;
				GCC_WARN_UNDECLARED_SELECTOR = YES;
				GCC_WARN_UNINITIALIZED_AUTOS = YES_AGGRESSIVE;
				GCC_WARN_UNUSED_FUNCTION = YES;
				GCC_WARN_UNUSED_VARIABLE = YES;
				IPHONEOS_DEPLOYMENT_TARGET = 11.0;
				MTL_ENABLE_DEBUG_INFO = YES;
				ONLY_ACTIVE_ARCH = YES;
				SDKROOT = iphoneos;
			};
			name = Debug;
		};
		C3757A701FEB804600A48503 /* Release */ = {
			isa = XCBuildConfiguration;
			buildSettings = {
				ALWAYS_SEARCH_USER_PATHS = NO;
				CLANG_ANALYZER_NONNULL = YES;
				CLANG_ANALYZER_NUMBER_OBJECT_CONVERSION = YES_AGGRESSIVE;
				CLANG_CXX_LANGUAGE_STANDARD = "gnu++14";
				CLANG_CXX_LIBRARY = "libc++";
				CLANG_ENABLE_MODULES = YES;
				CLANG_ENABLE_OBJC_ARC = YES;
				CLANG_WARN_BLOCK_CAPTURE_AUTORELEASING = YES;
				CLANG_WARN_BOOL_CONVERSION = YES;
				CLANG_WARN_COMMA = YES;
				CLANG_WARN_CONSTANT_CONVERSION = YES;
				CLANG_WARN_DEPRECATED_OBJC_IMPLEMENTATIONS = YES;
				CLANG_WARN_DIRECT_OBJC_ISA_USAGE = YES_ERROR;
				CLANG_WARN_DOCUMENTATION_COMMENTS = YES;
				CLANG_WARN_EMPTY_BODY = YES;
				CLANG_WARN_ENUM_CONVERSION = YES;
				CLANG_WARN_INFINITE_RECURSION = YES;
				CLANG_WARN_INT_CONVERSION = YES;
				CLANG_WARN_NON_LITERAL_NULL_CONVERSION = YES;
				CLANG_WARN_OBJC_IMPLICIT_RETAIN_SELF = YES;
				CLANG_WARN_OBJC_LITERAL_CONVERSION = YES;
				CLANG_WARN_OBJC_ROOT_CLASS = YES_ERROR;
				CLANG_WARN_RANGE_LOOP_ANALYSIS = YES;
				CLANG_WARN_STRICT_PROTOTYPES = YES;
				CLANG_WARN_SUSPICIOUS_MOVE = YES;
				CLANG_WARN_UNGUARDED_AVAILABILITY = YES_AGGRESSIVE;
				CLANG_WARN_UNREACHABLE_CODE = YES;
				CLANG_WARN__DUPLICATE_METHOD_MATCH = YES;
				CODE_SIGN_IDENTITY = "iPhone Developer";
				COPY_PHASE_STRIP = NO;
				DEBUG_INFORMATION_FORMAT = "dwarf-with-dsym";
				ENABLE_NS_ASSERTIONS = NO;
				ENABLE_STRICT_OBJC_MSGSEND = YES;
				GCC_C_LANGUAGE_STANDARD = gnu11;
				GCC_NO_COMMON_BLOCKS = YES;
				GCC_WARN_64_TO_32_BIT_CONVERSION = YES;
				GCC_WARN_ABOUT_RETURN_TYPE = YES_ERROR;
				GCC_WARN_UNDECLARED_SELECTOR = YES;
				GCC_WARN_UNINITIALIZED_AUTOS = YES_AGGRESSIVE;
				GCC_WARN_UNUSED_FUNCTION = YES;
				GCC_WARN_UNUSED_VARIABLE = YES;
				IPHONEOS_DEPLOYMENT_TARGET = 11.0;
				MTL_ENABLE_DEBUG_INFO = NO;
				SDKROOT = iphoneos;
				VALIDATE_PRODUCT = YES;
			};
			name = Release;
		};
		C3757A721FEB804600A48503 /* Debug */ = {
			isa = XCBuildConfiguration;
			buildSettings = {
				CLANG_ENABLE_OBJC_ARC = NO;
				CLANG_ENABLE_OBJC_WEAK = YES;
				CLANG_WARN_DEPRECATED_OBJC_IMPLEMENTATIONS = NO;
				CODE_SIGN_IDENTITY = "Apple Development";
				CODE_SIGN_STYLE = Manual;
				CURRENT_PROJECT_VERSION = 1;
				DEVELOPMENT_TEAM = "";
				GCC_WARN_ABOUT_DEPRECATED_FUNCTIONS = NO;
				INFOPLIST_FILE = "$(SRCROOT)/Resources/Info.plist";
				IPHONEOS_DEPLOYMENT_TARGET = 14.0;
				LD_RUNPATH_SEARCH_PATHS = "$(inherited) @executable_path/Frameworks";
				MARKETING_VERSION = 1.0;
				OTHER_LDFLAGS = (
					"-framework",
					IOKit,
				);
				PRODUCT_BUNDLE_IDENTIFIER = com.officialscheduler.mterminal;
				PRODUCT_NAME = MTerminal;
				PROVISIONING_PROFILE_SPECIFIER = "";
				TARGETED_DEVICE_FAMILY = "1,2";
			};
			name = Debug;
		};
		C3757A731FEB804600A48503 /* Release */ = {
			isa = XCBuildConfiguration;
			buildSettings = {
				CLANG_ENABLE_OBJC_ARC = NO;
				CLANG_ENABLE_OBJC_WEAK = YES;
				CLANG_WARN_DEPRECATED_OBJC_IMPLEMENTATIONS = NO;
				CODE_SIGN_IDENTITY = "Apple Development";
				CODE_SIGN_STYLE = Manual;
				CURRENT_PROJECT_VERSION = 1;
				DEVELOPMENT_TEAM = "";
				GCC_WARN_ABOUT_DEPRECATED_FUNCTIONS = NO;
				INFOPLIST_FILE = "$(SRCROOT)/Resources/Info.plist";
				IPHONEOS_DEPLOYMENT_TARGET = 14.0;
				LD_RUNPATH_SEARCH_PATHS = "$(inherited) @executable_path/Frameworks";
				MARKETING_VERSION = 1.0;
				OTHER_LDFLAGS = (
					"-framework",
					IOKit,
				);
				PRODUCT_BUNDLE_IDENTIFIER = com.officialscheduler.mterminal;
				PRODUCT_NAME = MTerminal;
				PROVISIONING_PROFILE_SPECIFIER = "";
				TARGETED_DEVICE_FAMILY = "1,2";
			};
			name = Release;
		};
/* End XCBuildConfiguration section */

/* Begin XCConfigurationList section */
		C3757A561FEB804600A48503 /* Build configuration list for PBXProject "MTerminal" */ = {
			isa = XCConfigurationList;
			buildConfigurations = (
				C3757A6F1FEB804600A48503 /* Debug */,
				C3757A701FEB804600A48503 /* Release */,
			);
			defaultConfigurationIsVisible = 0;
			defaultConfigurationName = Release;
		};
		C3757A711FEB804600A48503 /* Build configuration list for PBXNativeTarget "MTerminal" */ = {
			isa = XCConfigurationList;
			buildConfigurations = (
				C3757A721FEB804600A48503 /* Debug */,
				C3757A731FEB804600A48503 /* Release */,
			);
			defaultConfigurationIsVisible = 0;
			defaultConfigurationName = Release;
		};
/* End XCConfigurationList section */
	};
	rootObject = C3757A531FEB804600A48503 /* Project object */;
}
